
Microsoft Visual Studio Solution File, Format Version 12.00
# Visual Studio Version 17
VisualStudioVersion = 17.7.34302.85
MinimumVisualStudioVersion = 10.0.40219.1
Project("{8BC9CEB8-8B4A-11D0-8D11-00A0C91BC942}") = "Console", "Console\Console.vcxproj", "{F8ECB9EF-80EE-4461-B01D-D184EAE23E82}"
EndProject
Project("{8BC9CEB8-8B4A-11D0-8D11-00A0C91BC942}") = "Client", "Client\Client.vcxproj", "{A1FE120C-C589-4C69-A869-01D74C26E59E}"
EndProject
Global
	GlobalSection(SolutionConfigurationPlatforms) = preSolution
		Debug|x64 = Debug|x64
		Debug|x86 = Debug|x86
		Release|x64 = Release|x64
		Release|x86 = Release|x86
	EndGlobalSection
	GlobalSection(ProjectConfigurationPlatforms) = postSolution
		{F8ECB9EF-80EE-4461-B01D-D184EAE23E82}.Debug|x64.ActiveCfg = Debug|x64
		{F8ECB9EF-80EE-4461-B01D-D184EAE23E82}.Debug|x64.Build.0 = Debug|x64
		{F8ECB9EF-80EE-4461-B01D-D184EAE23E82}.Debug|x86.ActiveCfg = Debug|Win32
		{F8ECB9EF-80EE-4461-B01D-D184EAE23E82}.Debug|x86.Build.0 = Debug|Win32
		{F8ECB9EF-80EE-4461-B01D-D184EAE23E82}.Release|x64.ActiveCfg = Release|x64
		{F8ECB9EF-80EE-4461-B01D-D184EAE23E82}.Release|x64.Build.0 = Release|x64
		{F8ECB9EF-80EE-4461-B01D-D184EAE23E82}.Release|x86.ActiveCfg = Release|Win32
		{F8ECB9EF-80EE-4461-B01D-D184EAE23E82}.Release|x86.Build.0 = Release|Win32
		{A1FE120C-C589-4C69-A869-01D74C26E59E}.Debug|x64.ActiveCfg = Debug|x64
		{A1FE120C-C589-4C69-A869-01D74C26E59E}.Debug|x64.Build.0 = Debug|x64
		{A1FE120C-C589-4C69-A869-01D74C26E59E}.Debug|x86.ActiveCfg = Debug|Win32
		{A1FE120C-C589-4C69-A869-01D74C26E59E}.Debug|x86.Build.0 = Debug|Win32
		{A1FE120C-C589-4C69-A869-01D74C26E59E}.Release|x64.ActiveCfg = Release|x64
		{A1FE120C-C589-4C69-A869-01D74C26E59E}.Release|x64.Build.0 = Release|x64
		{A1FE120C-C589-4C69-A869-01D74C26E59E}.Release|x86.ActiveCfg = Release|Win32
		{A1FE120C-C589-4C69-A869-01D74C26E59E}.Release|x86.Build.0 = Release|Win32
	EndGlobalSection
	GlobalSection(SolutionProperties) = preSolution
		HideSolutionNode = FALSE
	EndGlobalSection
	GlobalSection(ExtensibilityGlobals) = postSolution
		SolutionGuid = {34671A19-DC89-4FE7-8003-0D1FB1A19B76}
	EndGlobalSection
EndGlobal
